// !$*UTF8*$!
{
	archiveVersion = 1;
	classes = {
	};
	objectVersion = 50;
	objects = {

/* Begin PBXBuildFile section */
		6106F56325366691005B06F2 /* AppDelegate.m in Sources */ = {isa = PBXBuildFile; fileRef = 6106F56225366691005B06F2 /* AppDelegate.m */; };
		6106F56625366691005B06F2 /* SceneDelegate.m in Sources */ = {isa = PBXBuildFile; fileRef = 6106F56525366691005B06F2 /* SceneDelegate.m */; };
		6106F56925366691005B06F2 /* ViewController.m in Sources */ = {isa = PBXBuildFile; fileRef = 6106F56825366691005B06F2 /* ViewController.m */; };
		6106F56C25366691005B06F2 /* Main.storyboard in Resources */ = {isa = PBXBuildFile; fileRef = 6106F56A25366691005B06F2 /* Main.storyboard */; };
		6106F56E25366691005B06F2 /* Assets.xcassets in Resources */ = {isa = PBXBuildFile; fileRef = 6106F56D25366691005B06F2 /* Assets.xcassets */; };
		6106F57125366691005B06F2 /* LaunchScreen.storyboard in Resources */ = {isa = PBXBuildFile; fileRef = 6106F56F25366691005B06F2 /* LaunchScreen.storyboard */; };
		6106F57425366691005B06F2 /* main.m in Sources */ = {isa = PBXBuildFile; fileRef = 6106F57325366691005B06F2 /* main.m */; };
		6106F57E25366692005B06F2 /* blank_objc_storyboardTests.m in Sources */ = {isa = PBXBuildFile; fileRef = 6106F57D25366692005B06F2 /* blank_objc_storyboardTests.m */; };
		6106F58925366692005B06F2 /* blank_objc_storyboardUITests.m in Sources */ = {isa = PBXBuildFile; fileRef = 6106F58825366692005B06F2 /* blank_objc_storyboardUITests.m */; };
/* End PBXBuildFile section */

/* Begin PBXContainerItemProxy section */
		6106F57A25366692005B06F2 /* PBXContainerItemProxy */ = {
			isa = PBXContainerItemProxy;
			containerPortal = 6106F55625366691005B06F2 /* Project object */;
			proxyType = 1;
			remoteGlobalIDString = 6106F55D25366691005B06F2;
			remoteInfo = "blank-objc-storyboard";
		};
		6106F58525366692005B06F2 /* PBXContainerItemProxy */ = {
			isa = PBXContainerItemProxy;
			containerPortal = 6106F55625366691005B06F2 /* Project object */;
			proxyType = 1;
			remoteGlobalIDString = 6106F55D25366691005B06F2;
			remoteInfo = "blank-objc-storyboard";
		};
/* End PBXContainerItemProxy section */

/* Begin PBXFileReference section */
		6106F55E25366691005B06F2 /* blank-objc-storyboard.app */ = {isa = PBXFileReference; explicitFileType = wrapper.application; includeInIndex = 0; path = "blank-objc-storyboard.app"; sourceTree = BUILT_PRODUCTS_DIR; };
		6106F56125366691005B06F2 /* AppDelegate.h */ = {isa = PBXFileReference; lastKnownFileType = sourcecode.c.h; path = AppDelegate.h; sourceTree = "<group>"; };
		6106F56225366691005B06F2 /* AppDelegate.m */ = {isa = PBXFileReference; lastKnownFileType = sourcecode.c.objc; path = AppDelegate.m; sourceTree = "<group>"; };
		6106F56425366691005B06F2 /* SceneDelegate.h */ = {isa = PBXFileReference; lastKnownFileType = sourcecode.c.h; path = SceneDelegate.h; sourceTree = "<group>"; };
		6106F56525366691005B06F2 /* SceneDelegate.m */ = {isa = PBXFileReference; lastKnownFileType = sourcecode.c.objc; path = SceneDelegate.m; sourceTree = "<group>"; };
		6106F56725366691005B06F2 /* ViewController.h */ = {isa = PBXFileReference; lastKnownFileType = sourcecode.c.h; path = ViewController.h; sourceTree = "<group>"; };
		6106F56825366691005B06F2 /* ViewController.m */ = {isa = PBXFileReference; lastKnownFileType = sourcecode.c.objc; path = ViewController.m; sourceTree = "<group>"; };
		6106F56B25366691005B06F2 /* Base */ = {isa = PBXFileReference; lastKnownFileType = file.storyboard; name = Base; path = Base.lproj/Main.storyboard; sourceTree = "<group>"; };
		6106F56D25366691005B06F2 /* Assets.xcassets */ = {isa = PBXFileReference; lastKnownFileType = folder.assetcatalog; path = Assets.xcassets; sourceTree = "<group>"; };
		6106F57025366691005B06F2 /* Base */ = {isa = PBXFileReference; lastKnownFileType = file.storyboard; name = Base; path = Base.lproj/LaunchScreen.storyboard; sourceTree = "<group>"; };
		6106F57225366691005B06F2 /* Info.plist */ = {isa = PBXFileReference; lastKnownFileType = text.plist.xml; path = Info.plist; sourceTree = "<group>"; };
		6106F57325366691005B06F2 /* main.m */ = {isa = PBXFileReference; lastKnownFileType = sourcecode.c.objc; path = main.m; sourceTree = "<group>"; };
		6106F57925366692005B06F2 /* blank-objc-storyboardTests.xctest */ = {isa = PBXFileReference; explicitFileType = wrapper.cfbundle; includeInIndex = 0; path = "blank-objc-storyboardTests.xctest"; sourceTree = BUILT_PRODUCTS_DIR; };
		6106F57D25366692005B06F2 /* blank_objc_storyboardTests.m */ = {isa = PBXFileReference; lastKnownFileType = sourcecode.c.objc; path = blank_objc_storyboardTests.m; sourceTree = "<group>"; };
		6106F57F25366692005B06F2 /* Info.plist */ = {isa = PBXFileReference; lastKnownFileType = text.plist.xml; path = Info.plist; sourceTree = "<group>"; };
		6106F58425366692005B06F2 /* blank-objc-storyboardUITests.xctest */ = {isa = PBXFileReference; explicitFileType = wrapper.cfbundle; includeInIndex = 0; path = "blank-objc-storyboardUITests.xctest"; sourceTree = BUILT_PRODUCTS_DIR; };
		6106F58825366692005B06F2 /* blank_objc_storyboardUITests.m */ = {isa = PBXFileReference; lastKnownFileType = sourcecode.c.objc; path = blank_objc_storyboardUITests.m; sourceTree = "<group>"; };
		6106F58A25366692005B06F2 /* Info.plist */ = {isa = PBXFileReference; lastKnownFileType = text.plist.xml; path = Info.plist; sourceTree = "<group>"; };
/* End PBXFileReference section */

/* Begin PBXFrameworksBuildPhase section */
		6106F55B25366691005B06F2 /* Frameworks */ = {
			isa = PBXFrameworksBuildPhase;
			buildActionMask = 2147483647;
			files = (
			);
			runOnlyForDeploymentPostprocessing = 0;
		};
		6106F57625366692005B06F2 /* Frameworks */ = {
			isa = PBXFrameworksBuildPhase;
			buildActionMask = 2147483647;
			files = (
			);
			runOnlyForDeploymentPostprocessing = 0;
		};
		6106F58125366692005B06F2 /* Frameworks */ = {
			isa = PBXFrameworksBuildPhase;
			buildActionMask = 2147483647;
			files = (
			);
			runOnlyForDeploymentPostprocessing = 0;
		};
/* End PBXFrameworksBuildPhase section */

/* Begin PBXGroup section */
		6106F55525366691005B06F2 = {
			isa = PBXGroup;
			children = (
				6106F56025366691005B06F2 /* blank-objc-storyboard */,
				6106F57C25366692005B06F2 /* blank-objc-storyboardTests */,
				6106F58725366692005B06F2 /* blank-objc-storyboardUITests */,
				6106F55F25366691005B06F2 /* Products */,
			);
			sourceTree = "<group>";
		};
		6106F55F25366691005B06F2 /* Products */ = {
			isa = PBXGroup;
			children = (
				6106F55E25366691005B06F2 /* blank-objc-storyboard.app */,
				6106F57925366692005B06F2 /* blank-objc-storyboardTests.xctest */,
				6106F58425366692005B06F2 /* blank-objc-storyboardUITests.xctest */,
			);
			name = Products;
			sourceTree = "<group>";
		};
		6106F56025366691005B06F2 /* blank-objc-storyboard */ = {
			isa = PBXGroup;
			children = (
				6106F56125366691005B06F2 /* AppDelegate.h */,
				6106F56225366691005B06F2 /* AppDelegate.m */,
				6106F56425366691005B06F2 /* SceneDelegate.h */,
				6106F56525366691005B06F2 /* SceneDelegate.m */,
				6106F56725366691005B06F2 /* ViewController.h */,
				6106F56825366691005B06F2 /* ViewController.m */,
				6106F56A25366691005B06F2 /* Main.storyboard */,
				6106F56D25366691005B06F2 /* Assets.xcassets */,
				6106F56F25366691005B06F2 /* LaunchScreen.storyboard */,
				6106F57225366691005B06F2 /* Info.plist */,
				6106F57325366691005B06F2 /* main.m */,
			);
			path = "blank-objc-storyboard";
			sourceTree = "<group>";
		};
		6106F57C25366692005B06F2 /* blank-objc-storyboardTests */ = {
			isa = PBXGroup;
			children = (
				6106F57D25366692005B06F2 /* blank_objc_storyboardTests.m */,
				6106F57F25366692005B06F2 /* Info.plist */,
			);
			path = "blank-objc-storyboardTests";
			sourceTree = "<group>";
		};
		6106F58725366692005B06F2 /* blank-objc-storyboardUITests */ = {
			isa = PBXGroup;
			children = (
				6106F58825366692005B06F2 /* blank_objc_storyboardUITests.m */,
				6106F58A25366692005B06F2 /* Info.plist */,
			);
			path = "blank-objc-storyboardUITests";
			sourceTree = "<group>";
		};
/* End PBXGroup section */

/* Begin PBXNativeTarget section */
		6106F55D25366691005B06F2 /* blank-objc-storyboard */ = {
			isa = PBXNativeTarget;
			buildConfigurationList = 6106F58D25366692005B06F2 /* Build configuration list for PBXNativeTarget "blank-objc-storyboard" */;
			buildPhases = (
				6106F55A25366691005B06F2 /* Sources */,
				6106F55B25366691005B06F2 /* Frameworks */,
				6106F55C25366691005B06F2 /* Resources */,
			);
			buildRules = (
			);
			dependencies = (
			);
			name = "blank-objc-storyboard";
			productName = "blank-objc-storyboard";
			productReference = 6106F55E25366691005B06F2 /* blank-objc-storyboard.app */;
			productType = "com.apple.product-type.application";
		};
		6106F57825366692005B06F2 /* blank-objc-storyboardTests */ = {
			isa = PBXNativeTarget;
			buildConfigurationList = 6106F59025366692005B06F2 /* Build configuration list for PBXNativeTarget "blank-objc-storyboardTests" */;
			buildPhases = (
				6106F57525366692005B06F2 /* Sources */,
				6106F57625366692005B06F2 /* Frameworks */,
				6106F57725366692005B06F2 /* Resources */,
			);
			buildRules = (
			);
			dependencies = (
				6106F57B25366692005B06F2 /* PBXTargetDependency */,
			);
			name = "blank-objc-storyboardTests";
			productName = "blank-objc-storyboardTests";
			productReference = 6106F57925366692005B06F2 /* blank-objc-storyboardTests.xctest */;
			productType = "com.apple.product-type.bundle.unit-test";
		};
		6106F58325366692005B06F2 /* blank-objc-storyboardUITests */ = {
			isa = PBXNativeTarget;
			buildConfigurationList = 6106F59325366692005B06F2 /* Build configuration list for PBXNativeTarget "blank-objc-storyboardUITests" */;
			buildPhases = (
				6106F58025366692005B06F2 /* Sources */,
				6106F58125366692005B06F2 /* Frameworks */,
				6106F58225366692005B06F2 /* Resources */,
			);
			buildRules = (
			);
			dependencies = (
				6106F58625366692005B06F2 /* PBXTargetDependency */,
			);
			name = "blank-objc-storyboardUITests";
			productName = "blank-objc-storyboardUITests";
			productReference = 6106F58425366692005B06F2 /* blank-objc-storyboardUITests.xctest */;
			productType = "com.apple.product-type.bundle.ui-testing";
		};
/* End PBXNativeTarget section */

/* Begin PBXProject section */
		6106F55625366691005B06F2 /* Project object */ = {
			isa = PBXProject;
			attributes = {
				LastUpgradeCheck = 1200;
				TargetAttributes = {
					6106F55D25366691005B06F2 = {
						CreatedOnToolsVersion = 12.0.1;
					};
					6106F57825366692005B06F2 = {
						CreatedOnToolsVersion = 12.0.1;
						TestTargetID = 6106F55D25366691005B06F2;
					};
					6106F58325366692005B06F2 = {
						CreatedOnToolsVersion = 12.0.1;
						TestTargetID = 6106F55D25366691005B06F2;
					};
				};
			};
			buildConfigurationList = 6106F55925366691005B06F2 /* Build configuration list for PBXProject "blank-objc-storyboard" */;
			compatibilityVersion = "Xcode 9.3";
			developmentRegion = en;
			hasScannedForEncodings = 0;
			knownRegions = (
				en,
				Base,
			);
			mainGroup = 6106F55525366691005B06F2;
			productRefGroup = 6106F55F25366691005B06F2 /* Products */;
			projectDirPath = "";
			projectRoot = "";
			targets = (
				6106F55D25366691005B06F2 /* blank-objc-storyboard */,
				6106F57825366692005B06F2 /* blank-objc-storyboardTests */,
				6106F58325366692005B06F2 /* blank-objc-storyboardUITests */,
			);
		};
/* End PBXProject section */

/* Begin PBXResourcesBuildPhase section */
		6106F55C25366691005B06F2 /* Resources */ = {
			isa = PBXResourcesBuildPhase;
			buildActionMask = 2147483647;
			files = (
				6106F57125366691005B06F2 /* LaunchScreen.storyboard in Resources */,
				6106F56E25366691005B06F2 /* Assets.xcassets in Resources */,
				6106F56C25366691005B06F2 /* Main.storyboard in Resources */,
			);
			runOnlyForDeploymentPostprocessing = 0;
		};
		6106F57725366692005B06F2 /* Resources */ = {
			isa = PBXResourcesBuildPhase;
			buildActionMask = 2147483647;
			files = (
			);
			runOnlyForDeploymentPostprocessing = 0;
		};
		6106F58225366692005B06F2 /* Resources */ = {
			isa = PBXResourcesBuildPhase;
			buildActionMask = 2147483647;
			files = (
			);
			runOnlyForDeploymentPostprocessing = 0;
		};
/* End PBXResourcesBuildPhase section */

/* Begin PBXSourcesBuildPhase section */
		6106F55A25366691005B06F2 /* Sources */ = {
			isa = PBXSourcesBuildPhase;
			buildActionMask = 2147483647;
			files = (
				6106F56925366691005B06F2 /* ViewController.m in Sources */,
				6106F56325366691005B06F2 /* AppDelegate.m in Sources */,
				6106F57425366691005B06F2 /* main.m in Sources */,
				6106F56625366691005B06F2 /* SceneDelegate.m in Sources */,
			);
			runOnlyForDeploymentPostprocessing = 0;
		};
		6106F57525366692005B06F2 /* Sources */ = {
			isa = PBXSourcesBuildPhase;
			buildActionMask = 2147483647;
			files = (
				6106F57E25366692005B06F2 /* blank_objc_storyboardTests.m in Sources */,
			);
			runOnlyForDeploymentPostprocessing = 0;
		};
		6106F58025366692005B06F2 /* Sources */ = {
			isa = PBXSourcesBuildPhase;
			buildActionMask = 2147483647;
			files = (
				6106F58925366692005B06F2 /* blank_objc_storyboardUITests.m in Sources */,
			);
			runOnlyForDeploymentPostprocessing = 0;
		};
/* End PBXSourcesBuildPhase section */

/* Begin PBXTargetDependency section */
		6106F57B25366692005B06F2 /* PBXTargetDependency */ = {
			isa = PBXTargetDependency;
			target = 6106F55D25366691005B06F2 /* blank-objc-storyboard */;
			targetProxy = 6106F57A25366692005B06F2 /* PBXContainerItemProxy */;
		};
		6106F58625366692005B06F2 /* PBXTargetDependency */ = {
			isa = PBXTargetDependency;
			target = 6106F55D25366691005B06F2 /* blank-objc-storyboard */;
			targetProxy = 6106F58525366692005B06F2 /* PBXContainerItemProxy */;
		};
/* End PBXTargetDependency section */

/* Begin PBXVariantGroup section */
		6106F56A25366691005B06F2 /* Main.storyboard */ = {
			isa = PBXVariantGroup;
			children = (
				6106F56B25366691005B06F2 /* Base */,
			);
			name = Main.storyboard;
			sourceTree = "<group>";
		};
		6106F56F25366691005B06F2 /* LaunchScreen.storyboard */ = {
			isa = PBXVariantGroup;
			children = (
				6106F57025366691005B06F2 /* Base */,
			);
			name = LaunchScreen.storyboard;
			sourceTree = "<group>";
		};
/* End PBXVariantGroup section */

/* Begin XCBuildConfiguration section */
		6106F58B25366692005B06F2 /* Debug */ = {
			isa = XCBuildConfiguration;
			buildSettings = {
				ALWAYS_SEARCH_USER_PATHS = NO;
				CLANG_ANALYZER_NONNULL = YES;
				CLANG_ANALYZER_NUMBER_OBJECT_CONVERSION = YES_AGGRESSIVE;
				CLANG_CXX_LANGUAGE_STANDARD = "gnu++14";
				CLANG_CXX_LIBRARY = "libc++";
				CLANG_ENABLE_MODULES = YES;
				CLANG_ENABLE_OBJC_ARC = YES;
				CLANG_ENABLE_OBJC_WEAK = YES;
				CLANG_WARN_BLOCK_CAPTURE_AUTORELEASING = YES;
				CLANG_WARN_BOOL_CONVERSION = YES;
				CLANG_WARN_COMMA = YES;
				CLANG_WARN_CONSTANT_CONVERSION = YES;
				CLANG_WARN_DEPRECATED_OBJC_IMPLEMENTATIONS = YES;
				CLANG_WARN_DIRECT_OBJC_ISA_USAGE = YES_ERROR;
				CLANG_WARN_DOCUMENTATION_COMMENTS = YES;
				CLANG_WARN_EMPTY_BODY = YES;
				CLANG_WARN_ENUM_CONVERSION = YES;
				CLANG_WARN_INFINITE_RECURSION = YES;
				CLANG_WARN_INT_CONVERSION = YES;
				CLANG_WARN_NON_LITERAL_NULL_CONVERSION = YES;
				CLANG_WARN_OBJC_IMPLICIT_RETAIN_SELF = YES;
				CLANG_WARN_OBJC_LITERAL_CONVERSION = YES;
				CLANG_WARN_OBJC_ROOT_CLASS = YES_ERROR;
				CLANG_WARN_QUOTED_INCLUDE_IN_FRAMEWORK_HEADER = YES;
				CLANG_WARN_RANGE_LOOP_ANALYSIS = YES;
				CLANG_WARN_STRICT_PROTOTYPES = YES;
				CLANG_WARN_SUSPICIOUS_MOVE = YES;
				CLANG_WARN_UNGUARDED_AVAILABILITY = YES_AGGRESSIVE;
				CLANG_WARN_UNREACHABLE_CODE = YES;
				CLANG_WARN__DUPLICATE_METHOD_MATCH = YES;
				COPY_PHASE_STRIP = NO;
				DEBUG_INFORMATION_FORMAT = dwarf;
				ENABLE_STRICT_OBJC_MSGSEND = YES;
				ENABLE_TESTABILITY = YES;
				GCC_C_LANGUAGE_STANDARD = gnu11;
				GCC_DYNAMIC_NO_PIC = NO;
				GCC_NO_COMMON_BLOCKS = YES;
				GCC_OPTIMIZATION_LEVEL = 0;
				GCC_PREPROCESSOR_DEFINITIONS = (
					"DEBUG=1",
					"$(inherited)",
				);
				GCC_WARN_64_TO_32_BIT_CONVERSION = YES;
				GCC_WARN_ABOUT_RETURN_TYPE = YES_ERROR;
				GCC_WARN_UNDECLARED_SELECTOR = YES;
				GCC_WARN_UNINITIALIZED_AUTOS = YES_AGGRESSIVE;
				GCC_WARN_UNUSED_FUNCTION = YES;
				GCC_WARN_UNUSED_VARIABLE = YES;
				IPHONEOS_DEPLOYMENT_TARGET = 14.0;
				MTL_ENABLE_DEBUG_INFO = INCLUDE_SOURCE;
				MTL_FAST_MATH = YES;
				ONLY_ACTIVE_ARCH = YES;
				SDKROOT = iphoneos;
			};
			name = Debug;
		};
		6106F58C25366692005B06F2 /* Release */ = {
			isa = XCBuildConfiguration;
			buildSettings = {
				ALWAYS_SEARCH_USER_PATHS = NO;
				CLANG_ANALYZER_NONNULL = YES;
				CLANG_ANALYZER_NUMBER_OBJECT_CONVERSION = YES_AGGRESSIVE;
				CLANG_CXX_LANGUAGE_STANDARD = "gnu++14";
				CLANG_CXX_LIBRARY = "libc++";
				CLANG_ENABLE_MODULES = YES;
				CLANG_ENABLE_OBJC_ARC = YES;
				CLANG_ENABLE_OBJC_WEAK = YES;
				CLANG_WARN_BLOCK_CAPTURE_AUTORELEASING = YES;
				CLANG_WARN_BOOL_CONVERSION = YES;
				CLANG_WARN_COMMA = YES;
				CLANG_WARN_CONSTANT_CONVERSION = YES;
				CLANG_WARN_DEPRECATED_OBJC_IMPLEMENTATIONS = YES;
				CLANG_WARN_DIRECT_OBJC_ISA_USAGE = YES_ERROR;
				CLANG_WARN_DOCUMENTATION_COMMENTS = YES;
				CLANG_WARN_EMPTY_BODY = YES;
				CLANG_WARN_ENUM_CONVERSION = YES;
				CLANG_WARN_INFINITE_RECURSION = YES;
				CLANG_WARN_INT_CONVERSION = YES;
				CLANG_WARN_NON_LITERAL_NULL_CONVERSION = YES;
				CLANG_WARN_OBJC_IMPLICIT_RETAIN_SELF = YES;
				CLANG_WARN_OBJC_LITERAL_CONVERSION = YES;
				CLANG_WARN_OBJC_ROOT_CLASS = YES_ERROR;
				CLANG_WARN_QUOTED_INCLUDE_IN_FRAMEWORK_HEADER = YES;
				CLANG_WARN_RANGE_LOOP_ANALYSIS = YES;
				CLANG_WARN_STRICT_PROTOTYPES = YES;
				CLANG_WARN_SUSPICIOUS_MOVE = YES;
				CLANG_WARN_UNGUARDED_AVAILABILITY = YES_AGGRESSIVE;
				CLANG_WARN_UNREACHABLE_CODE = YES;
				CLANG_WARN__DUPLICATE_METHOD_MATCH = YES;
				COPY_PHASE_STRIP = NO;
				DEBUG_INFORMATION_FORMAT = "dwarf-with-dsym";
				ENABLE_NS_ASSERTIONS = NO;
				ENABLE_STRICT_OBJC_MSGSEND = YES;
				GCC_C_LANGUAGE_STANDARD = gnu11;
				GCC_NO_COMMON_BLOCKS = YES;
				GCC_WARN_64_TO_32_BIT_CONVERSION = YES;
				GCC_WARN_ABOUT_RETURN_TYPE = YES_ERROR;
				GCC_WARN_UNDECLARED_SELECTOR = YES;
				GCC_WARN_UNINITIALIZED_AUTOS = YES_AGGRESSIVE;
				GCC_WARN_UNUSED_FUNCTION = YES;
				GCC_WARN_UNUSED_VARIABLE = YES;
				IPHONEOS_DEPLOYMENT_TARGET = 14.0;
				MTL_ENABLE_DEBUG_INFO = NO;
				MTL_FAST_MATH = YES;
				SDKROOT = iphoneos;
				VALIDATE_PRODUCT = YES;
			};
			name = Release;
		};
		6106F58E25366692005B06F2 /* Debug */ = {
			isa = XCBuildConfiguration;
			buildSettings = {
				ASSETCATALOG_COMPILER_APPICON_NAME = AppIcon;
				ASSETCATALOG_COMPILER_GLOBAL_ACCENT_COLOR_NAME = AccentColor;
				CODE_SIGN_STYLE = Automatic;
				DEVELOPMENT_TEAM = 6V5LDB8335;
				INFOPLIST_FILE = "blank-objc-storyboard/Info.plist";
				LD_RUNPATH_SEARCH_PATHS = (
					"$(inherited)",
					"@executable_path/Frameworks",
				);
				PRODUCT_BUNDLE_IDENTIFIER = "dev.screenplay.blank-objc-storyboard";
				PRODUCT_NAME = "$(TARGET_NAME)";
				TARGETED_DEVICE_FAMILY = "1,2";
			};
			name = Debug;
		};
		6106F58F25366692005B06F2 /* Release */ = {
			isa = XCBuildConfiguration;
			buildSettings = {
				ASSETCATALOG_COMPILER_APPICON_NAME = AppIcon;
				ASSETCATALOG_COMPILER_GLOBAL_ACCENT_COLOR_NAME = AccentColor;
				CODE_SIGN_STYLE = Automatic;
				DEVELOPMENT_TEAM = 6V5LDB8335;
				INFOPLIST_FILE = "blank-objc-storyboard/Info.plist";
				LD_RUNPATH_SEARCH_PATHS = (
					"$(inherited)",
					"@executable_path/Frameworks",
				);
				PRODUCT_BUNDLE_IDENTIFIER = "dev.screenplay.blank-objc-storyboard";
				PRODUCT_NAME = "$(TARGET_NAME)";
				TARGETED_DEVICE_FAMILY = "1,2";
			};
			name = Release;
		};
		6106F59125366692005B06F2 /* Debug */ = {
			isa = XCBuildConfiguration;
			buildSettings = {
				BUNDLE_LOADER = "$(TEST_HOST)";
				CODE_SIGN_STYLE = Automatic;
				DEVELOPMENT_TEAM = 6V5LDB8335;
				INFOPLIST_FILE = "blank-objc-storyboardTests/Info.plist";
				IPHONEOS_DEPLOYMENT_TARGET = 14.0;
				LD_RUNPATH_SEARCH_PATHS = (
					"$(inherited)",
					"@executable_path/Frameworks",
					"@loader_path/Frameworks",
				);
				PRODUCT_BUNDLE_IDENTIFIER = "dev.screenplay.blank-objc-storyboardTests";
				PRODUCT_NAME = "$(TARGET_NAME)";
				TARGETED_DEVICE_FAMILY = "1,2";
				TEST_HOST = "$(BUILT_PRODUCTS_DIR)/blank-objc-storyboard.app/blank-objc-storyboard";
			};
			name = Debug;
		};
		6106F59225366692005B06F2 /* Release */ = {
			isa = XCBuildConfiguration;
			buildSettings = {
				BUNDLE_LOADER = "$(TEST_HOST)";
				CODE_SIGN_STYLE = Automatic;
				DEVELOPMENT_TEAM = 6V5LDB8335;
				INFOPLIST_FILE = "blank-objc-storyboardTests/Info.plist";
				IPHONEOS_DEPLOYMENT_TARGET = 14.0;
				LD_RUNPATH_SEARCH_PATHS = (
					"$(inherited)",
					"@executable_path/Frameworks",
					"@loader_path/Frameworks",
				);
				PRODUCT_BUNDLE_IDENTIFIER = "dev.screenplay.blank-objc-storyboardTests";
				PRODUCT_NAME = "$(TARGET_NAME)";
				TARGETED_DEVICE_FAMILY = "1,2";
				TEST_HOST = "$(BUILT_PRODUCTS_DIR)/blank-objc-storyboard.app/blank-objc-storyboard";
			};
			name = Release;
		};
		6106F59425366692005B06F2 /* Debug */ = {
			isa = XCBuildConfiguration;
			buildSettings = {
				CODE_SIGN_STYLE = Automatic;
				DEVELOPMENT_TEAM = 6V5LDB8335;
				INFOPLIST_FILE = "blank-objc-storyboardUITests/Info.plist";
				LD_RUNPATH_SEARCH_PATHS = (
					"$(inherited)",
					"@executable_path/Frameworks",
					"@loader_path/Frameworks",
				);
				PRODUCT_BUNDLE_IDENTIFIER = "dev.screenplay.blank-objc-storyboardUITests";
				PRODUCT_NAME = "$(TARGET_NAME)";
				TARGETED_DEVICE_FAMILY = "1,2";
				TEST_TARGET_NAME = "blank-objc-storyboard";
			};
			name = Debug;
		};
		6106F59525366692005B06F2 /* Release */ = {
			isa = XCBuildConfiguration;
			buildSettings = {
				CODE_SIGN_STYLE = Automatic;
				DEVELOPMENT_TEAM = 6V5LDB8335;
				INFOPLIST_FILE = "blank-objc-storyboardUITests/Info.plist";
				LD_RUNPATH_SEARCH_PATHS = (
					"$(inherited)",
					"@executable_path/Frameworks",
					"@loader_path/Frameworks",
				);
				PRODUCT_BUNDLE_IDENTIFIER = "dev.screenplay.blank-objc-storyboardUITests";
				PRODUCT_NAME = "$(TARGET_NAME)";
				TARGETED_DEVICE_FAMILY = "1,2";
				TEST_TARGET_NAME = "blank-objc-storyboard";
			};
			name = Release;
		};
/* End XCBuildConfiguration section */

/* Begin XCConfigurationList section */
		6106F55925366691005B06F2 /* Build configuration list for PBXProject "blank-objc-storyboard" */ = {
			isa = XCConfigurationList;
			buildConfigurations = (
				6106F58B25366692005B06F2 /* Debug */,
				6106F58C25366692005B06F2 /* Release */,
			);
			defaultConfigurationIsVisible = 0;
			defaultConfigurationName = Release;
		};
		6106F58D25366692005B06F2 /* Build configuration list for PBXNativeTarget "blank-objc-storyboard" */ = {
			isa = XCConfigurationList;
			buildConfigurations = (
				6106F58E25366692005B06F2 /* Debug */,
				6106F58F25366692005B06F2 /* Release */,
			);
			defaultConfigurationIsVisible = 0;
			defaultConfigurationName = Release;
		};
		6106F59025366692005B06F2 /* Build configuration list for PBXNativeTarget "blank-objc-storyboardTests" */ = {
			isa = XCConfigurationList;
			buildConfigurations = (
				6106F59125366692005B06F2 /* Debug */,
				6106F59225366692005B06F2 /* Release */,
			);
			defaultConfigurationIsVisible = 0;
			defaultConfigurationName = Release;
		};
		6106F59325366692005B06F2 /* Build configuration list for PBXNativeTarget "blank-objc-storyboardUITests" */ = {
			isa = XCConfigurationList;
			buildConfigurations = (
				6106F59425366692005B06F2 /* Debug */,
				6106F59525366692005B06F2 /* Release */,
			);
			defaultConfigurationIsVisible = 0;
			defaultConfigurationName = Release;
		};
/* End XCConfigurationList section */
	};
	rootObject = 6106F55625366691005B06F2 /* Project object */;
}
